# Code generated by scarb DO NOT EDIT.
version = 1

[[package]]
name = "asn1"
version = "0.1.0"
dependencies = [
 "int_traits",
 "nom",
 "time",
]

[[package]]
name = "dcap"
version = "0.1.0"
dependencies = [
 "asn1",
 "der_parser",
 "int_traits",
 "oid_registry",
 "time",
 "x509_parser",
]

[[package]]
name = "der_parser"
version = "0.1.0"
dependencies = [
 "asn1",
 "int_traits",
 "nom",
]

[[package]]
name = "int_traits"
version = "0.1.0"

[[package]]
name = "nom"
version = "0.1.0"

[[package]]
name = "oid_registry"
version = "0.1.0"
dependencies = [
 "asn1",
]

[[package]]
name = "time"
version = "0.1.0"

[[package]]
name = "x509_parser"
version = "0.1.0"
dependencies = [
 "asn1",
 "der_parser",
 "int_traits",
 "nom",
 "oid_registry",
 "time",
]
